{
  "name": "html-types",
  "version": "0.0.1",
  "lockfileVersion": 2,
  "requires": true,
  "packages": {
    "": {
      "name": "html-types",
      "version": "0.0.1",
      "license": "MIT",
      "devDependencies": {
        "@markuplint/html-spec": "^2.4.0",
        "@markuplint/ml-spec": "^2.0.1",
        "@types/node": "^17.0.21"
      }
    },
    "node_modules/@markuplint/html-spec": {
      "version": "2.4.1",
      "resolved": "https://registry.npmjs.org/@markuplint/html-spec/-/html-spec-2.4.1.tgz",
      "integrity": "sha512-odyKs8moxMAxDeaTpQBJtH4HRhNiJCA9sX07+nV1njQ2Va7BiY3R0mHtAR49MHdA46GL72KRgqpr7m9i9Z+rDw==",
      "dev": true,
      "dependencies": {
        "@markuplint/ml-spec": "^2.0.2"
      }
    },
    "node_modules/@markuplint/ml-spec": {
      "version": "2.0.2",
      "resolved": "https://registry.npmjs.org/@markuplint/ml-spec/-/ml-spec-2.0.2.tgz",
      "integrity": "sha512-ovZI5COX3Kc3VHBHWSn+s74VTWxZRa2CVb7KlFcuDnw3F9feJvaF6t1XOiX/Hr1EcXE6KtqtVgZK7OdXLpTuRA==",
      "dev": true,
      "dependencies": {
        "tslib": "^2.3.1"
      }
    },
    "node_modules/@types/node": {
      "version": "17.0.23",
      "resolved": "https://registry.npmjs.org/@types/node/-/node-17.0.23.tgz",
      "integrity": "sha512-UxDxWn7dl97rKVeVS61vErvw086aCYhDLyvRQZ5Rk65rZKepaFdm53GeqXaKBuOhED4e9uWq34IC3TdSdJJ2Gw==",
      "dev": true
    },
    "node_modules/tslib": {
      "version": "2.3.1",
      "resolved": "https://registry.npmjs.org/tslib/-/tslib-2.3.1.tgz",
      "integrity": "sha512-77EbyPPpMz+FRFRuAFlWMtmgUWGe9UOG2Z25NqCwiIjRhOf5iKGuzSe5P2w1laq+FkRy4p+PCuVkJSGkzTEKVw==",
      "dev": true
    }
  },
  "dependencies": {
    "@markuplint/html-spec": {
      "version": "2.4.1",
      "resolved": "https://registry.npmjs.org/@markuplint/html-spec/-/html-spec-2.4.1.tgz",
      "integrity": "sha512-odyKs8moxMAxDeaTpQBJtH4HRhNiJCA9sX07+nV1njQ2Va7BiY3R0mHtAR49MHdA46GL72KRgqpr7m9i9Z+rDw==",
      "dev": true,
      "requires": {
        "@markuplint/ml-spec": "^2.0.2"
      }
    },
    "@markuplint/ml-spec": {
      "version": "2.0.2",
      "resolved": "https://registry.npmjs.org/@markuplint/ml-spec/-/ml-spec-2.0.2.tgz",
      "integrity": "sha512-ovZI5COX3Kc3VHBHWSn+s74VTWxZRa2CVb7KlFcuDnw3F9feJvaF6t1XOiX/Hr1EcXE6KtqtVgZK7OdXLpTuRA==",
      "dev": true,
      "requires": {
        "tslib": "^2.3.1"
      }
    },
    "@types/node": {
      "version": "17.0.23",
      "resolved": "https://registry.npmjs.org/@types/node/-/node-17.0.23.tgz",
      "integrity": "sha512-UxDxWn7dl97rKVeVS61vErvw086aCYhDLyvRQZ5Rk65rZKepaFdm53GeqXaKBuOhED4e9uWq34IC3TdSdJJ2Gw==",
      "dev": true
    },
    "tslib": {
      "version": "2.3.1",
      "resolved": "https://registry.npmjs.org/tslib/-/tslib-2.3.1.tgz",
      "integrity": "sha512-77EbyPPpMz+FRFRuAFlWMtmgUWGe9UOG2Z25NqCwiIjRhOf5iKGuzSe5P2w1laq+FkRy4p+PCuVkJSGkzTEKVw==",
      "dev": true
    }
  }
}
