{
	"name": "hdot",
	"version": "0.0.0",
	"lockfileVersion": 2,
	"requires": true,
	"packages": {
		"": {
			"name": "hdot",
			"version": "0.0.0",
			"license": "ISC",
			"devDependencies": {
				"@markuplint/html-spec": "^2.4.0",
				"@markuplint/ml-spec": "^2.0.1",
				"@types/node": "^17.0.21"
			}
		},
		"node_modules/@markuplint/html-spec": {
			"version": "2.4.0",
			"resolved": "https://registry.npmjs.org/@markuplint/html-spec/-/html-spec-2.4.0.tgz",
			"integrity": "sha512-SGiEzALrOpScYgWZwHdmAXcrBM2r4DSXYUP0QSzn6KBYhpoh2ANhEvNWml+PAOr6Uv31gCJYR0CzNH5obaGiTg==",
			"dev": true,
			"dependencies": {
				"@markuplint/ml-spec": "^2.0.1"
			}
		},
		"node_modules/@markuplint/ml-spec": {
			"version": "2.0.1",
			"resolved": "https://registry.npmjs.org/@markuplint/ml-spec/-/ml-spec-2.0.1.tgz",
			"integrity": "sha512-bUphzOzo+FSgjOyBsvPO98jqRT63iduaQJ/9Z2C1xWKNbRo2VywyZwqE6MSdGBpc+duHcVPn6pagUghjHQ1vwA==",
			"dev": true,
			"dependencies": {
				"tslib": "^2.3.1"
			}
		},
		"node_modules/@types/node": {
			"version": "17.0.21",
			"resolved": "https://registry.npmjs.org/@types/node/-/node-17.0.21.tgz",
			"integrity": "sha512-DBZCJbhII3r90XbQxI8Y9IjjiiOGlZ0Hr32omXIZvwwZ7p4DMMXGrKXVyPfuoBOri9XNtL0UK69jYIBIsRX3QQ==",
			"dev": true
		},
		"node_modules/tslib": {
			"version": "2.3.1",
			"resolved": "https://registry.npmjs.org/tslib/-/tslib-2.3.1.tgz",
			"integrity": "sha512-77EbyPPpMz+FRFRuAFlWMtmgUWGe9UOG2Z25NqCwiIjRhOf5iKGuzSe5P2w1laq+FkRy4p+PCuVkJSGkzTEKVw==",
			"dev": true
		}
	},
	"dependencies": {
		"@markuplint/html-spec": {
			"version": "2.4.0",
			"resolved": "https://registry.npmjs.org/@markuplint/html-spec/-/html-spec-2.4.0.tgz",
			"integrity": "sha512-SGiEzALrOpScYgWZwHdmAXcrBM2r4DSXYUP0QSzn6KBYhpoh2ANhEvNWml+PAOr6Uv31gCJYR0CzNH5obaGiTg==",
			"dev": true,
			"requires": {
				"@markuplint/ml-spec": "^2.0.1"
			}
		},
		"@markuplint/ml-spec": {
			"version": "2.0.1",
			"resolved": "https://registry.npmjs.org/@markuplint/ml-spec/-/ml-spec-2.0.1.tgz",
			"integrity": "sha512-bUphzOzo+FSgjOyBsvPO98jqRT63iduaQJ/9Z2C1xWKNbRo2VywyZwqE6MSdGBpc+duHcVPn6pagUghjHQ1vwA==",
			"dev": true,
			"requires": {
				"tslib": "^2.3.1"
			}
		},
		"@types/node": {
			"version": "17.0.21",
			"resolved": "https://registry.npmjs.org/@types/node/-/node-17.0.21.tgz",
			"integrity": "sha512-DBZCJbhII3r90XbQxI8Y9IjjiiOGlZ0Hr32omXIZvwwZ7p4DMMXGrKXVyPfuoBOri9XNtL0UK69jYIBIsRX3QQ==",
			"dev": true
		},
		"tslib": {
			"version": "2.3.1",
			"resolved": "https://registry.npmjs.org/tslib/-/tslib-2.3.1.tgz",
			"integrity": "sha512-77EbyPPpMz+FRFRuAFlWMtmgUWGe9UOG2Z25NqCwiIjRhOf5iKGuzSe5P2w1laq+FkRy4p+PCuVkJSGkzTEKVw==",
			"dev": true
		}
	}
}
